
Microsoft Visual Studio Solution File, Format Version 12.00
# Visual Studio 15
VisualStudioVersion = 15.0.26730.12
MinimumVisualStudioVersion = 10.0.40219.1
Project("{FAE04EC0-301F-11D3-BF4B-00C04F79EFBC}") = "Ast", "Ast\Ast.csproj", "{1D9E7876-E8A3-44E6-A43B-7D4D13E37181}"
EndProject
Project("{FAE04EC0-301F-11D3-BF4B-00C04F79EFBC}") = "AstTree", "AstTree\AstTree.csproj", "{A32BDA55-136C-4B72-89B5-D71D43F3E385}"
EndProject
Project("{FAE04EC0-301F-11D3-BF4B-00C04F79EFBC}") = "CodeGen", "CodeGen\CodeGen.csproj", "{76B3D28D-C7F9-4D97-8DB4-9E292CBB50A5}"
EndProject
Project("{FAE04EC0-301F-11D3-BF4B-00C04F79EFBC}") = "Runtime", "Runtime\Runtime.csproj", "{8F03E0C0-0369-4EB7-B7AE-3A0E1FB8FBCE}"
EndProject
Global
	GlobalSection(SolutionConfigurationPlatforms) = preSolution
		Debug|Any CPU = Debug|Any CPU
		Release|Any CPU = Release|Any CPU
	EndGlobalSection
	GlobalSection(ProjectConfigurationPlatforms) = postSolution
		{1D9E7876-E8A3-44E6-A43B-7D4D13E37181}.Debug|Any CPU.ActiveCfg = Debug|Any CPU
		{1D9E7876-E8A3-44E6-A43B-7D4D13E37181}.Debug|Any CPU.Build.0 = Debug|Any CPU
		{1D9E7876-E8A3-44E6-A43B-7D4D13E37181}.Release|Any CPU.ActiveCfg = Release|Any CPU
		{1D9E7876-E8A3-44E6-A43B-7D4D13E37181}.Release|Any CPU.Build.0 = Release|Any CPU
		{A32BDA55-136C-4B72-89B5-D71D43F3E385}.Debug|Any CPU.ActiveCfg = Debug|Any CPU
		{A32BDA55-136C-4B72-89B5-D71D43F3E385}.Debug|Any CPU.Build.0 = Debug|Any CPU
		{A32BDA55-136C-4B72-89B5-D71D43F3E385}.Release|Any CPU.ActiveCfg = Release|Any CPU
		{A32BDA55-136C-4B72-89B5-D71D43F3E385}.Release|Any CPU.Build.0 = Release|Any CPU
		{76B3D28D-C7F9-4D97-8DB4-9E292CBB50A5}.Debug|Any CPU.ActiveCfg = Debug|Any CPU
		{76B3D28D-C7F9-4D97-8DB4-9E292CBB50A5}.Debug|Any CPU.Build.0 = Debug|Any CPU
		{76B3D28D-C7F9-4D97-8DB4-9E292CBB50A5}.Release|Any CPU.ActiveCfg = Release|Any CPU
		{76B3D28D-C7F9-4D97-8DB4-9E292CBB50A5}.Release|Any CPU.Build.0 = Release|Any CPU
		{8F03E0C0-0369-4EB7-B7AE-3A0E1FB8FBCE}.Debug|Any CPU.ActiveCfg = Debug|Any CPU
		{8F03E0C0-0369-4EB7-B7AE-3A0E1FB8FBCE}.Debug|Any CPU.Build.0 = Debug|Any CPU
		{8F03E0C0-0369-4EB7-B7AE-3A0E1FB8FBCE}.Release|Any CPU.ActiveCfg = Release|Any CPU
		{8F03E0C0-0369-4EB7-B7AE-3A0E1FB8FBCE}.Release|Any CPU.Build.0 = Release|Any CPU
	EndGlobalSection
	GlobalSection(SolutionProperties) = preSolution
		HideSolutionNode = FALSE
	EndGlobalSection
	GlobalSection(ExtensibilityGlobals) = postSolution
		SolutionGuid = {3D833DE2-D78B-4FA8-9A73-A147E07AA59E}
	EndGlobalSection
EndGlobal
